
Microsoft Visual Studio Solution File, Format Version 12.00
# Visual Studio Version 16
VisualStudioVersion = 16.0.36631.11
MinimumVisualStudioVersion = 10.0.40219.1
Project("{8BC9CEB8-8B4A-11D0-8D11-00A0C91BC942}") = "sf_crunch", "sf_crunch\sf_crunch.vcxproj", "{4709F5FD-1C92-43A5-9875-7B369E84F59C}"
EndProject
Project("{8BC9CEB8-8B4A-11D0-8D11-00A0C91BC942}") = "sf_decrunch", "sf_decrunch\sf_decrunch.vcxproj", "{4E7283E8-E09A-4F3E-8B85-25307B974230}"
EndProject
Project("{2150E333-8FDC-42A3-9474-1A3956D46DE8}") = "Build", "Build", "{62A648FD-3CE0-48FF-BDE4-E63272B79E89}"
EndProject
Project("{2150E333-8FDC-42A3-9474-1A3956D46DE8}") = "Extra", "Extra", "{0F9AB8EB-BD44-4C73-9D27-0B1137B29F0E}"
EndProject
Project("{2150E333-8FDC-42A3-9474-1A3956D46DE8}") = "Sink", "Sink", "{451B0099-9D8B-417B-9EA6-7FC40D1CF5E7}"
EndProject
Project("{8BC9CEB8-8B4A-11D0-8D11-00A0C91BC942}") = "cgx2fx", "cgx2fx\cgx2fx.vcxproj", "{3F0DA1A6-48C7-4A69-8614-F9F946CF0FD8}"
EndProject
Project("{8BC9CEB8-8B4A-11D0-8D11-00A0C91BC942}") = "fx2cgx", "fx2cgx\fx2cgx.vcxproj", "{2D9D7F40-57CF-4168-8122-364308DB5221}"
EndProject
Project("{8BC9CEB8-8B4A-11D0-8D11-00A0C91BC942}") = "chrmap", "chrmap\chrmap.vcxproj", "{32C79773-8178-4B23-9B25-45028A8FD40F}"
EndProject
Project("{8BC9CEB8-8B4A-11D0-8D11-00A0C91BC942}") = "romExtender2", "romExtender2\romExtender2.vcxproj", "{02B1EE15-7474-4320-B2C4-D5095FFA7DA3}"
EndProject
Project("{8BC9CEB8-8B4A-11D0-8D11-00A0C91BC942}") = "printf", "printf\printf.vcxproj", "{5DF8BC73-BA5D-4534-8C87-5FBAF9EBE5D0}"
EndProject
Project("{8BC9CEB8-8B4A-11D0-8D11-00A0C91BC942}") = "foxfont", "foxfont\foxfont.vcxproj", "{B2A09977-4A5B-4DA0-BF30-B26A05213298}"
EndProject
Project("{8BC9CEB8-8B4A-11D0-8D11-00A0C91BC942}") = "apendcol", "apendcol\apendcol.vcxproj", "{DCDBBAEC-0F5E-412C-8405-A01C94D1849C}"
EndProject
Project("{8BC9CEB8-8B4A-11D0-8D11-00A0C91BC942}") = "inccol", "inccol\inccol.vcxproj", "{70E028DD-A666-467E-8B42-03F5EF8C1D55}"
EndProject
Project("{8BC9CEB8-8B4A-11D0-8D11-00A0C91BC942}") = "makecol", "makecol\makecol.vcxproj", "{8695AAC3-E733-4E70-A79E-0718919C443B}"
EndProject
Project("{8BC9CEB8-8B4A-11D0-8D11-00A0C91BC942}") = "argonautmapdec", "argonautmapdec\argonautmapdec.vcxproj", "{A57552C1-BD8A-4CE3-8D04-55EB67F4E029}"
EndProject
Project("{8BC9CEB8-8B4A-11D0-8D11-00A0C91BC942}") = "foxchr", "foxchr\foxchr.vcxproj", "{70CBF8A0-AA4E-4EF7-927D-940EE51E561F}"
EndProject
Project("{8BC9CEB8-8B4A-11D0-8D11-00A0C91BC942}") = "palconv", "palconv\palconv.vcxproj", "{9201FC9C-66C5-4202-BE7D-1973455DB1C0}"
EndProject
Project("{8BC9CEB8-8B4A-11D0-8D11-00A0C91BC942}") = "unmerge", "unmerge\unmerge.vcxproj", "{AA415A59-B7D8-4CFC-9522-22AEEC32018C}"
EndProject
Global
	GlobalSection(SolutionConfigurationPlatforms) = preSolution
		Debug|x64 = Debug|x64
		Debug|x86 = Debug|x86
		Release|x64 = Release|x64
		Release|x86 = Release|x86
	EndGlobalSection
	GlobalSection(ProjectConfigurationPlatforms) = postSolution
		{4709F5FD-1C92-43A5-9875-7B369E84F59C}.Debug|x64.ActiveCfg = Debug|x64
		{4709F5FD-1C92-43A5-9875-7B369E84F59C}.Debug|x64.Build.0 = Debug|x64
		{4709F5FD-1C92-43A5-9875-7B369E84F59C}.Debug|x86.ActiveCfg = Debug|Win32
		{4709F5FD-1C92-43A5-9875-7B369E84F59C}.Debug|x86.Build.0 = Debug|Win32
		{4709F5FD-1C92-43A5-9875-7B369E84F59C}.Release|x64.ActiveCfg = Release|x64
		{4709F5FD-1C92-43A5-9875-7B369E84F59C}.Release|x64.Build.0 = Release|x64
		{4709F5FD-1C92-43A5-9875-7B369E84F59C}.Release|x86.ActiveCfg = Release|Win32
		{4709F5FD-1C92-43A5-9875-7B369E84F59C}.Release|x86.Build.0 = Release|Win32
		{4E7283E8-E09A-4F3E-8B85-25307B974230}.Debug|x64.ActiveCfg = Debug|x64
		{4E7283E8-E09A-4F3E-8B85-25307B974230}.Debug|x64.Build.0 = Debug|x64
		{4E7283E8-E09A-4F3E-8B85-25307B974230}.Debug|x86.ActiveCfg = Debug|Win32
		{4E7283E8-E09A-4F3E-8B85-25307B974230}.Debug|x86.Build.0 = Debug|Win32
		{4E7283E8-E09A-4F3E-8B85-25307B974230}.Release|x64.ActiveCfg = Release|x64
		{4E7283E8-E09A-4F3E-8B85-25307B974230}.Release|x64.Build.0 = Release|x64
		{4E7283E8-E09A-4F3E-8B85-25307B974230}.Release|x86.ActiveCfg = Release|Win32
		{4E7283E8-E09A-4F3E-8B85-25307B974230}.Release|x86.Build.0 = Release|Win32
		{3F0DA1A6-48C7-4A69-8614-F9F946CF0FD8}.Debug|x64.ActiveCfg = Debug|x64
		{3F0DA1A6-48C7-4A69-8614-F9F946CF0FD8}.Debug|x64.Build.0 = Debug|x64
		{3F0DA1A6-48C7-4A69-8614-F9F946CF0FD8}.Debug|x86.ActiveCfg = Debug|Win32
		{3F0DA1A6-48C7-4A69-8614-F9F946CF0FD8}.Debug|x86.Build.0 = Debug|Win32
		{3F0DA1A6-48C7-4A69-8614-F9F946CF0FD8}.Release|x64.ActiveCfg = Release|x64
		{3F0DA1A6-48C7-4A69-8614-F9F946CF0FD8}.Release|x64.Build.0 = Release|x64
		{3F0DA1A6-48C7-4A69-8614-F9F946CF0FD8}.Release|x86.ActiveCfg = Release|Win32
		{3F0DA1A6-48C7-4A69-8614-F9F946CF0FD8}.Release|x86.Build.0 = Release|Win32
		{2D9D7F40-57CF-4168-8122-364308DB5221}.Debug|x64.ActiveCfg = Debug|x64
		{2D9D7F40-57CF-4168-8122-364308DB5221}.Debug|x64.Build.0 = Debug|x64
		{2D9D7F40-57CF-4168-8122-364308DB5221}.Debug|x86.ActiveCfg = Debug|Win32
		{2D9D7F40-57CF-4168-8122-364308DB5221}.Debug|x86.Build.0 = Debug|Win32
		{2D9D7F40-57CF-4168-8122-364308DB5221}.Release|x64.ActiveCfg = Release|x64
		{2D9D7F40-57CF-4168-8122-364308DB5221}.Release|x64.Build.0 = Release|x64
		{2D9D7F40-57CF-4168-8122-364308DB5221}.Release|x86.ActiveCfg = Release|Win32
		{2D9D7F40-57CF-4168-8122-364308DB5221}.Release|x86.Build.0 = Release|Win32
		{32C79773-8178-4B23-9B25-45028A8FD40F}.Debug|x64.ActiveCfg = Debug|x64
		{32C79773-8178-4B23-9B25-45028A8FD40F}.Debug|x64.Build.0 = Debug|x64
		{32C79773-8178-4B23-9B25-45028A8FD40F}.Debug|x86.ActiveCfg = Debug|Win32
		{32C79773-8178-4B23-9B25-45028A8FD40F}.Debug|x86.Build.0 = Debug|Win32
		{32C79773-8178-4B23-9B25-45028A8FD40F}.Release|x64.ActiveCfg = Release|x64
		{32C79773-8178-4B23-9B25-45028A8FD40F}.Release|x64.Build.0 = Release|x64
		{32C79773-8178-4B23-9B25-45028A8FD40F}.Release|x86.ActiveCfg = Release|Win32
		{32C79773-8178-4B23-9B25-45028A8FD40F}.Release|x86.Build.0 = Release|Win32
		{02B1EE15-7474-4320-B2C4-D5095FFA7DA3}.Debug|x64.ActiveCfg = Debug|x64
		{02B1EE15-7474-4320-B2C4-D5095FFA7DA3}.Debug|x64.Build.0 = Debug|x64
		{02B1EE15-7474-4320-B2C4-D5095FFA7DA3}.Debug|x86.ActiveCfg = Debug|Win32
		{02B1EE15-7474-4320-B2C4-D5095FFA7DA3}.Debug|x86.Build.0 = Debug|Win32
		{02B1EE15-7474-4320-B2C4-D5095FFA7DA3}.Release|x64.ActiveCfg = Release|x64
		{02B1EE15-7474-4320-B2C4-D5095FFA7DA3}.Release|x64.Build.0 = Release|x64
		{02B1EE15-7474-4320-B2C4-D5095FFA7DA3}.Release|x86.ActiveCfg = Release|Win32
		{02B1EE15-7474-4320-B2C4-D5095FFA7DA3}.Release|x86.Build.0 = Release|Win32
		{5DF8BC73-BA5D-4534-8C87-5FBAF9EBE5D0}.Debug|x64.ActiveCfg = Debug|x64
		{5DF8BC73-BA5D-4534-8C87-5FBAF9EBE5D0}.Debug|x64.Build.0 = Debug|x64
		{5DF8BC73-BA5D-4534-8C87-5FBAF9EBE5D0}.Debug|x86.ActiveCfg = Debug|Win32
		{5DF8BC73-BA5D-4534-8C87-5FBAF9EBE5D0}.Debug|x86.Build.0 = Debug|Win32
		{5DF8BC73-BA5D-4534-8C87-5FBAF9EBE5D0}.Release|x64.ActiveCfg = Release|x64
		{5DF8BC73-BA5D-4534-8C87-5FBAF9EBE5D0}.Release|x64.Build.0 = Release|x64
		{5DF8BC73-BA5D-4534-8C87-5FBAF9EBE5D0}.Release|x86.ActiveCfg = Release|Win32
		{5DF8BC73-BA5D-4534-8C87-5FBAF9EBE5D0}.Release|x86.Build.0 = Release|Win32
		{B2A09977-4A5B-4DA0-BF30-B26A05213298}.Debug|x64.ActiveCfg = Debug|x64
		{B2A09977-4A5B-4DA0-BF30-B26A05213298}.Debug|x64.Build.0 = Debug|x64
		{B2A09977-4A5B-4DA0-BF30-B26A05213298}.Debug|x86.ActiveCfg = Debug|Win32
		{B2A09977-4A5B-4DA0-BF30-B26A05213298}.Debug|x86.Build.0 = Debug|Win32
		{B2A09977-4A5B-4DA0-BF30-B26A05213298}.Release|x64.ActiveCfg = Release|x64
		{B2A09977-4A5B-4DA0-BF30-B26A05213298}.Release|x64.Build.0 = Release|x64
		{B2A09977-4A5B-4DA0-BF30-B26A05213298}.Release|x86.ActiveCfg = Release|Win32
		{B2A09977-4A5B-4DA0-BF30-B26A05213298}.Release|x86.Build.0 = Release|Win32
		{DCDBBAEC-0F5E-412C-8405-A01C94D1849C}.Debug|x64.ActiveCfg = Debug|x64
		{DCDBBAEC-0F5E-412C-8405-A01C94D1849C}.Debug|x64.Build.0 = Debug|x64
		{DCDBBAEC-0F5E-412C-8405-A01C94D1849C}.Debug|x86.ActiveCfg = Debug|Win32
		{DCDBBAEC-0F5E-412C-8405-A01C94D1849C}.Debug|x86.Build.0 = Debug|Win32
		{DCDBBAEC-0F5E-412C-8405-A01C94D1849C}.Release|x64.ActiveCfg = Release|x64
		{DCDBBAEC-0F5E-412C-8405-A01C94D1849C}.Release|x64.Build.0 = Release|x64
		{DCDBBAEC-0F5E-412C-8405-A01C94D1849C}.Release|x86.ActiveCfg = Release|Win32
		{DCDBBAEC-0F5E-412C-8405-A01C94D1849C}.Release|x86.Build.0 = Release|Win32
		{70E028DD-A666-467E-8B42-03F5EF8C1D55}.Debug|x64.ActiveCfg = Debug|x64
		{70E028DD-A666-467E-8B42-03F5EF8C1D55}.Debug|x64.Build.0 = Debug|x64
		{70E028DD-A666-467E-8B42-03F5EF8C1D55}.Debug|x86.ActiveCfg = Debug|Win32
		{70E028DD-A666-467E-8B42-03F5EF8C1D55}.Debug|x86.Build.0 = Debug|Win32
		{70E028DD-A666-467E-8B42-03F5EF8C1D55}.Release|x64.ActiveCfg = Release|x64
		{70E028DD-A666-467E-8B42-03F5EF8C1D55}.Release|x64.Build.0 = Release|x64
		{70E028DD-A666-467E-8B42-03F5EF8C1D55}.Release|x86.ActiveCfg = Release|Win32
		{70E028DD-A666-467E-8B42-03F5EF8C1D55}.Release|x86.Build.0 = Release|Win32
		{8695AAC3-E733-4E70-A79E-0718919C443B}.Debug|x64.ActiveCfg = Debug|x64
		{8695AAC3-E733-4E70-A79E-0718919C443B}.Debug|x64.Build.0 = Debug|x64
		{8695AAC3-E733-4E70-A79E-0718919C443B}.Debug|x86.ActiveCfg = Debug|Win32
		{8695AAC3-E733-4E70-A79E-0718919C443B}.Debug|x86.Build.0 = Debug|Win32
		{8695AAC3-E733-4E70-A79E-0718919C443B}.Release|x64.ActiveCfg = Release|x64
		{8695AAC3-E733-4E70-A79E-0718919C443B}.Release|x64.Build.0 = Release|x64
		{8695AAC3-E733-4E70-A79E-0718919C443B}.Release|x86.ActiveCfg = Release|Win32
		{8695AAC3-E733-4E70-A79E-0718919C443B}.Release|x86.Build.0 = Release|Win32
		{A57552C1-BD8A-4CE3-8D04-55EB67F4E029}.Debug|x64.ActiveCfg = Debug|x64
		{A57552C1-BD8A-4CE3-8D04-55EB67F4E029}.Debug|x64.Build.0 = Debug|x64
		{A57552C1-BD8A-4CE3-8D04-55EB67F4E029}.Debug|x86.ActiveCfg = Debug|Win32
		{A57552C1-BD8A-4CE3-8D04-55EB67F4E029}.Debug|x86.Build.0 = Debug|Win32
		{A57552C1-BD8A-4CE3-8D04-55EB67F4E029}.Release|x64.ActiveCfg = Release|x64
		{A57552C1-BD8A-4CE3-8D04-55EB67F4E029}.Release|x64.Build.0 = Release|x64
		{A57552C1-BD8A-4CE3-8D04-55EB67F4E029}.Release|x86.ActiveCfg = Release|Win32
		{A57552C1-BD8A-4CE3-8D04-55EB67F4E029}.Release|x86.Build.0 = Release|Win32
		{70CBF8A0-AA4E-4EF7-927D-940EE51E561F}.Debug|x64.ActiveCfg = Debug|x64
		{70CBF8A0-AA4E-4EF7-927D-940EE51E561F}.Debug|x64.Build.0 = Debug|x64
		{70CBF8A0-AA4E-4EF7-927D-940EE51E561F}.Debug|x86.ActiveCfg = Debug|Win32
		{70CBF8A0-AA4E-4EF7-927D-940EE51E561F}.Debug|x86.Build.0 = Debug|Win32
		{70CBF8A0-AA4E-4EF7-927D-940EE51E561F}.Release|x64.ActiveCfg = Release|x64
		{70CBF8A0-AA4E-4EF7-927D-940EE51E561F}.Release|x64.Build.0 = Release|x64
		{70CBF8A0-AA4E-4EF7-927D-940EE51E561F}.Release|x86.ActiveCfg = Release|Win32
		{70CBF8A0-AA4E-4EF7-927D-940EE51E561F}.Release|x86.Build.0 = Release|Win32
		{9201FC9C-66C5-4202-BE7D-1973455DB1C0}.Debug|x64.ActiveCfg = Debug|x64
		{9201FC9C-66C5-4202-BE7D-1973455DB1C0}.Debug|x64.Build.0 = Debug|x64
		{9201FC9C-66C5-4202-BE7D-1973455DB1C0}.Debug|x86.ActiveCfg = Debug|Win32
		{9201FC9C-66C5-4202-BE7D-1973455DB1C0}.Debug|x86.Build.0 = Debug|Win32
		{9201FC9C-66C5-4202-BE7D-1973455DB1C0}.Release|x64.ActiveCfg = Release|x64
		{9201FC9C-66C5-4202-BE7D-1973455DB1C0}.Release|x64.Build.0 = Release|x64
		{9201FC9C-66C5-4202-BE7D-1973455DB1C0}.Release|x86.ActiveCfg = Release|Win32
		{9201FC9C-66C5-4202-BE7D-1973455DB1C0}.Release|x86.Build.0 = Release|Win32
		{AA415A59-B7D8-4CFC-9522-22AEEC32018C}.Debug|x64.ActiveCfg = Debug|x64
		{AA415A59-B7D8-4CFC-9522-22AEEC32018C}.Debug|x64.Build.0 = Debug|x64
		{AA415A59-B7D8-4CFC-9522-22AEEC32018C}.Debug|x86.ActiveCfg = Debug|Win32
		{AA415A59-B7D8-4CFC-9522-22AEEC32018C}.Debug|x86.Build.0 = Debug|Win32
		{AA415A59-B7D8-4CFC-9522-22AEEC32018C}.Release|x64.ActiveCfg = Release|x64
		{AA415A59-B7D8-4CFC-9522-22AEEC32018C}.Release|x64.Build.0 = Release|x64
		{AA415A59-B7D8-4CFC-9522-22AEEC32018C}.Release|x86.ActiveCfg = Release|Win32
		{AA415A59-B7D8-4CFC-9522-22AEEC32018C}.Release|x86.Build.0 = Release|Win32
	EndGlobalSection
	GlobalSection(SolutionProperties) = preSolution
		HideSolutionNode = FALSE
	EndGlobalSection
	GlobalSection(NestedProjects) = preSolution
		{4709F5FD-1C92-43A5-9875-7B369E84F59C} = {62A648FD-3CE0-48FF-BDE4-E63272B79E89}
		{4E7283E8-E09A-4F3E-8B85-25307B974230} = {0F9AB8EB-BD44-4C73-9D27-0B1137B29F0E}
		{3F0DA1A6-48C7-4A69-8614-F9F946CF0FD8} = {62A648FD-3CE0-48FF-BDE4-E63272B79E89}
		{2D9D7F40-57CF-4168-8122-364308DB5221} = {0F9AB8EB-BD44-4C73-9D27-0B1137B29F0E}
		{32C79773-8178-4B23-9B25-45028A8FD40F} = {62A648FD-3CE0-48FF-BDE4-E63272B79E89}
		{02B1EE15-7474-4320-B2C4-D5095FFA7DA3} = {62A648FD-3CE0-48FF-BDE4-E63272B79E89}
		{5DF8BC73-BA5D-4534-8C87-5FBAF9EBE5D0} = {62A648FD-3CE0-48FF-BDE4-E63272B79E89}
		{B2A09977-4A5B-4DA0-BF30-B26A05213298} = {62A648FD-3CE0-48FF-BDE4-E63272B79E89}
		{DCDBBAEC-0F5E-412C-8405-A01C94D1849C} = {62A648FD-3CE0-48FF-BDE4-E63272B79E89}
		{70E028DD-A666-467E-8B42-03F5EF8C1D55} = {62A648FD-3CE0-48FF-BDE4-E63272B79E89}
		{8695AAC3-E733-4E70-A79E-0718919C443B} = {62A648FD-3CE0-48FF-BDE4-E63272B79E89}
		{A57552C1-BD8A-4CE3-8D04-55EB67F4E029} = {62A648FD-3CE0-48FF-BDE4-E63272B79E89}
		{70CBF8A0-AA4E-4EF7-927D-940EE51E561F} = {0F9AB8EB-BD44-4C73-9D27-0B1137B29F0E}
		{9201FC9C-66C5-4202-BE7D-1973455DB1C0} = {0F9AB8EB-BD44-4C73-9D27-0B1137B29F0E}
		{AA415A59-B7D8-4CFC-9522-22AEEC32018C} = {451B0099-9D8B-417B-9EA6-7FC40D1CF5E7}
	EndGlobalSection
	GlobalSection(ExtensibilityGlobals) = postSolution
		SolutionGuid = {E4798701-E0DB-4330-9934-F852EF0BB9CE}
	EndGlobalSection
EndGlobal
