
Microsoft Visual Studio Solution File, Format Version 12.00
# Visual Studio Version 17
VisualStudioVersion = 17.14.36705.20 d17.14
MinimumVisualStudioVersion = 10.0.40219.1
Project("{FAE04EC0-301F-11D3-BF4B-00C04F79EFBC}") = "EndText", "EndText\EndText.csproj", "{01238A74-0A3A-404B-9D15-C6A36D9B35E3}"
EndProject
Project("{FAE04EC0-301F-11D3-BF4B-00C04F79EFBC}") = "SimplifyVcxproj", "SimplifyVcxproj\SimplifyVcxproj.csproj", "{DCACED9D-563F-4B90-9E2E-706C3F68C0E3}"
EndProject
Global
	GlobalSection(SolutionConfigurationPlatforms) = preSolution
		Debug|Any CPU = Debug|Any CPU
		Release|Any CPU = Release|Any CPU
	EndGlobalSection
	GlobalSection(ProjectConfigurationPlatforms) = postSolution
		{01238A74-0A3A-404B-9D15-C6A36D9B35E3}.Debug|Any CPU.ActiveCfg = Debug|Any CPU
		{01238A74-0A3A-404B-9D15-C6A36D9B35E3}.Debug|Any CPU.Build.0 = Debug|Any CPU
		{01238A74-0A3A-404B-9D15-C6A36D9B35E3}.Release|Any CPU.ActiveCfg = Release|Any CPU
		{01238A74-0A3A-404B-9D15-C6A36D9B35E3}.Release|Any CPU.Build.0 = Release|Any CPU
		{DCACED9D-563F-4B90-9E2E-706C3F68C0E3}.Debug|Any CPU.ActiveCfg = Debug|Any CPU
		{DCACED9D-563F-4B90-9E2E-706C3F68C0E3}.Debug|Any CPU.Build.0 = Debug|Any CPU
		{DCACED9D-563F-4B90-9E2E-706C3F68C0E3}.Release|Any CPU.ActiveCfg = Release|Any CPU
		{DCACED9D-563F-4B90-9E2E-706C3F68C0E3}.Release|Any CPU.Build.0 = Release|Any CPU
	EndGlobalSection
	GlobalSection(SolutionProperties) = preSolution
		HideSolutionNode = FALSE
	EndGlobalSection
	GlobalSection(ExtensibilityGlobals) = postSolution
		SolutionGuid = {6A86474A-ECEF-49F0-98AB-0D7A65DC88F6}
	EndGlobalSection
EndGlobal
